<?xml version="1.0" encoding="utf-8"?>
<Project ToolsVersion="4.0" xmlns="http://schemas.microsoft.com/developer/msbuild/2003">
  <ItemGroup>
    <Filter Include="Core">
      <UniqueIdentifier>{4FC737F1-C7A5-4376-A066-2A32D752A2FF}</UniqueIdentifier>
      <Extensions>cpp;c;cc;cxx;def;odl;idl;hpj;bat;asm;asmx</Extensions>
    </Filter>
    <Filter Include="Modules">
      <UniqueIdentifier>{93995380-89BD-4b04-88EB-625FBE52EBFB}</UniqueIdentifier>
      <Extensions>h;hh;hpp;hxx;hm;inl;inc;xsd</Extensions>
    </Filter>
    <Filter Include="Levels">
      <UniqueIdentifier>{c55d7b84-777a-490a-bdd0-5bffa15d9bb3}</UniqueIdentifier>
    </Filter>
  </ItemGroup>
  <ItemGroup>
    <ClInclude Include="Module.h">
      <Filter>Modules</Filter>
    </ClInclude>
    <ClInclude Include="ModuleWindow.h">
      <Filter>Modules</Filter>
    </ClInclude>
    <ClInclude Include="MemLeaks.h">
      <Filter>Core</Filter>
    </ClInclude>
    <ClInclude Include="Globals.h">
      <Filter>Core</Filter>
    </ClInclude>
    <ClInclude Include="Application.h">
      <Filter>Core</Filter>
    </ClInclude>
    <ClInclude Include="ModuleInput.h">
      <Filter>Modules</Filter>
    </ClInclude>
    <ClInclude Include="ModuleRender.h">
      <Filter>Modules</Filter>
    </ClInclude>
    <ClInclude Include="ModuleTextures.h">
      <Filter>Modules</Filter>
    </ClInclude>
    <ClInclude Include="ModuleAudio.h">
      <Filter>Modules</Filter>
    </ClInclude>
    <ClInclude Include="ModuleFadeToBlack.h">
      <Filter>Modules</Filter>
    </ClInclude>
    <ClInclude Include="ModuleStartScreen.h">
      <Filter>Levels</Filter>
    </ClInclude>
    <ClInclude Include="ModuleLevel_1.h">
      <Filter>Levels</Filter>
    </ClInclude>
    <ClInclude Include="ModuleCongrats.h">
      <Filter>Levels</Filter>
    </ClInclude>
    <ClInclude Include="ModulePlayer.h">
      <Filter>Modules</Filter>
    </ClInclude>
    <ClInclude Include="Animation.h">
      <Filter>Core</Filter>
    </ClInclude>
    <ClInclude Include="ModuleSphere.h">
      <Filter>Modules</Filter>
    </ClInclude>
    <ClInclude Include="Point.h">
      <Filter>Core</Filter>
    </ClInclude>
    <ClInclude Include="ModuleCollision.h">
      <Filter>Modules</Filter>
    </ClInclude>
    <ClInclude Include="ModuleBoard.h">
      <Filter>Modules</Filter>
    </ClInclude>
    <ClInclude Include="Vector.h">
      <Filter>Core</Filter>
    </ClInclude>
    <ClInclude Include="ModuleGameOver.h">
      <Filter>Levels</Filter>
    </ClInclude>
  </ItemGroup>
  <ItemGroup>
    <ClCompile Include="Main.cpp">
      <Filter>Core</Filter>
    </ClCompile>
    <ClCompile Include="Application.cpp">
      <Filter>Core</Filter>
    </ClCompile>
    <ClCompile Include="ModuleWindow.cpp">
      <Filter>Modules</Filter>
    </ClCompile>
    <ClCompile Include="ModuleInput.cpp">
      <Filter>Modules</Filter>
    </ClCompile>
    <ClCompile Include="ModuleRender.cpp">
      <Filter>Modules</Filter>
    </ClCompile>
    <ClCompile Include="ModuleTextures.cpp">
      <Filter>Modules</Filter>
    </ClCompile>
    <ClCompile Include="Globals.cpp">
      <Filter>Core</Filter>
    </ClCompile>
    <ClCompile Include="ModuleAudio.cpp">
      <Filter>Modules</Filter>
    </ClCompile>
    <ClCompile Include="ModuleFadeToBlack.cpp">
      <Filter>Modules</Filter>
    </ClCompile>
    <ClCompile Include="ModuleStartScreen.cpp">
      <Filter>Levels</Filter>
    </ClCompile>
    <ClCompile Include="ModuleLevel_1.cpp">
      <Filter>Levels</Filter>
    </ClCompile>
    <ClCompile Include="ModuleCongrats.cpp">
      <Filter>Levels</Filter>
    </ClCompile>
    <ClCompile Include="ModulePlayer.cpp">
      <Filter>Modules</Filter>
    </ClCompile>
    <ClCompile Include="ModuleSphere.cpp">
      <Filter>Modules</Filter>
    </ClCompile>
    <ClCompile Include="ModuleCollision.cpp">
      <Filter>Modules</Filter>
    </ClCompile>
    <ClCompile Include="ModuleBoard.cpp">
      <Filter>Modules</Filter>
    </ClCompile>
    <ClCompile Include="ModuleGameOver.cpp">
      <Filter>Levels</Filter>
    </ClCompile>
  </ItemGroup>
</Project>